
Microsoft Visual Studio Solution File, Format Version 12.00
# Visual Studio Version 17
VisualStudioVersion = 17.4.33213.308
MinimumVisualStudioVersion = 10.0.40219.1
Project("{FAE04EC0-301F-11D3-BF4B-00C04F79EFBC}") = "gues the number", "gues the number\gues the number.csproj", "{09EEE437-DE5D-4C20-A557-7809929F9612}"
EndProject
Global
	GlobalSection(SolutionConfigurationPlatforms) = preSolution
		Debug|Any CPU = Debug|Any CPU
		Release|Any CPU = Release|Any CPU
	EndGlobalSection
	GlobalSection(ProjectConfigurationPlatforms) = postSolution
		{09EEE437-DE5D-4C20-A557-7809929F9612}.Debug|Any CPU.ActiveCfg = Debug|Any CPU
		{09EEE437-DE5D-4C20-A557-7809929F9612}.Debug|Any CPU.Build.0 = Debug|Any CPU
		{09EEE437-DE5D-4C20-A557-7809929F9612}.Release|Any CPU.ActiveCfg = Release|Any CPU
		{09EEE437-DE5D-4C20-A557-7809929F9612}.Release|Any CPU.Build.0 = Release|Any CPU
	EndGlobalSection
	GlobalSection(SolutionProperties) = preSolution
		HideSolutionNode = FALSE
	EndGlobalSection
	GlobalSection(ExtensibilityGlobals) = postSolution
		SolutionGuid = {3406A0B7-08BC-4409-83BC-E0F34AFC9D87}
	EndGlobalSection
EndGlobal
